<Solution>
  <Configurations>
    <Platform Name="Any CPU" />
  </Configurations>
  <Project Path="Code/undercooked.csproj" />
  <Project Path="Editor/undercooked.editor.csproj" />
  <Folder Name="/Addons/">
    <Project Path="D:/Program Files (x86)/Steam/steamapps/common/sbox/addons/base/Code/Base Library.csproj" />
  </Folder>
  <Folder Name="/Libraries/">
    <Project Path="Libraries/Convex/Code/convex.csproj" />
    <Project Path="Libraries/Convex/Editor/convex.editor.csproj" />
    <Project Path="Libraries/Convex/UnitTests/convex.unittest.csproj" />
    <Project Path="Libraries/kolpak.cursoreditor/Code/cursoreditor.csproj" />
    <Project Path="Libraries/kolpak.cursoreditor/Editor/cursoreditor.editor.csproj" />
  </Folder>
  <Folder Name="/Tools/">
    <Project Path="D:/Program Files (x86)/Steam/steamapps/common/sbox/addons/tools/Code/Base Editor Library.csproj" />
    <Project Path="D:/Program Files (x86)/Steam/steamapps/common/sbox/editor/ActionGraph/Code/actiongraph.csproj" />
    <Project Path="D:/Program Files (x86)/Steam/steamapps/common/sbox/editor/Hammer/Code/hammer.csproj" />
    <Project Path="D:/Program Files (x86)/Steam/steamapps/common/sbox/editor/MovieMaker/Code/moviemaker.csproj" />
    <Project Path="D:/Program Files (x86)/Steam/steamapps/common/sbox/editor/ShaderGraph/Code/shadergraph.csproj" />
  </Folder>
</Solution>